<?xml version="1.0" encoding="utf-8"?>
<Project ToolsVersion="4.0" xmlns="http://schemas.microsoft.com/developer/msbuild/2003">
  <ItemGroup>
    <Filter Include="Resource Files">
      <UniqueIdentifier>{67DA6AB6-F800-4c08-8B7A-83BB121AAD01}</UniqueIdentifier>
      <Extensions>rc;ico;cur;bmp;dlg;rc2;rct;bin;rgs;gif;jpg;jpeg;jpe;resx;tiff;tif;png;wav;mfcribbon-ms</Extensions>
    </Filter>
    <Filter Include="Input-related">
      <UniqueIdentifier>{90bc8612-0d94-4f97-b202-ad09f195e667}</UniqueIdentifier>
    </Filter>
    <Filter Include="Instructions">
      <UniqueIdentifier>{9a64c523-fc65-45a3-8b6b-a96a4e8b7403}</UniqueIdentifier>
    </Filter>
    <Filter Include="Main">
      <UniqueIdentifier>{9ad54e0a-89c4-4392-9240-57ef7a2bf32a}</UniqueIdentifier>
    </Filter>
    <Filter Include="Entities">
      <UniqueIdentifier>{2edb009b-4095-4ae3-b5aa-eb1022dd544d}</UniqueIdentifier>
    </Filter>
    <Filter Include="ActionEffects">
      <UniqueIdentifier>{846f8fb3-1933-4be6-a1e6-5af58ccba7f3}</UniqueIdentifier>
    </Filter>
    <Filter Include="Actions">
      <UniqueIdentifier>{5de34bb4-f9ea-4b1d-8759-86955d2ee728}</UniqueIdentifier>
    </Filter>
  </ItemGroup>
  <ItemGroup>
    <Text Include="Design ideas.txt" />
  </ItemGroup>
  <ItemGroup>
    <ClCompile Include="InputReader.cpp">
      <Filter>Input-related</Filter>
    </ClCompile>
    <ClCompile Include="InputParser.cpp">
      <Filter>Input-related</Filter>
    </ClCompile>
    <ClCompile Include="main.cpp">
      <Filter>Main</Filter>
    </ClCompile>
    <ClCompile Include="Direction.cpp">
      <Filter>Instructions</Filter>
    </ClCompile>
    <ClCompile Include="globals.cpp">
      <Filter>Main</Filter>
    </ClCompile>
    <ClCompile Include="Entity.cpp">
      <Filter>Entities</Filter>
    </ClCompile>
    <ClCompile Include="Player.cpp">
      <Filter>Entities</Filter>
    </ClCompile>
    <ClCompile Include="Item.cpp">
      <Filter>Entities</Filter>
    </ClCompile>
    <ClCompile Include="Interactable.cpp">
      <Filter>Entities</Filter>
    </ClCompile>
    <ClCompile Include="Room.cpp">
      <Filter>Entities</Filter>
    </ClCompile>
    <ClCompile Include="Exit.cpp">
      <Filter>Entities</Filter>
    </ClCompile>
    <ClCompile Include="ActionEffect.cpp">
      <Filter>ActionEffects</Filter>
    </ClCompile>
    <ClCompile Include="EffectAddEntitiesToRoom.cpp">
      <Filter>ActionEffects</Filter>
    </ClCompile>
    <ClCompile Include="EffectReplaceEntity.cpp">
      <Filter>ActionEffects</Filter>
    </ClCompile>
    <ClCompile Include="InstructionType.cpp">
      <Filter>Instructions</Filter>
    </ClCompile>
    <ClCompile Include="Action.cpp">
      <Filter>Actions</Filter>
    </ClCompile>
    <ClCompile Include="EffectUnlockExit.cpp">
      <Filter>ActionEffects</Filter>
    </ClCompile>
    <ClCompile Include="EffectPlaceItemInItem.cpp">
      <Filter>ActionEffects</Filter>
    </ClCompile>
    <ClCompile Include="EntityInfo.cpp">
      <Filter>Entities</Filter>
    </ClCompile>
    <ClCompile Include="ActionFactory.cpp">
      <Filter>Actions</Filter>
    </ClCompile>
    <ClCompile Include="EffectGameEnd.cpp">
      <Filter>ActionEffects</Filter>
    </ClCompile>
    <ClCompile Include="EntityFactory.cpp">
      <Filter>Entities</Filter>
    </ClCompile>
    <ClCompile Include="EffectRemoveEntities.cpp">
      <Filter>ActionEffects</Filter>
    </ClCompile>
    <ClCompile Include="EffectLockExit.cpp">
      <Filter>ActionEffects</Filter>
    </ClCompile>
    <ClCompile Include="GameManager.cpp">
      <Filter>Main</Filter>
    </ClCompile>
    <ClCompile Include="GameDataLoader.cpp">
      <Filter>Main</Filter>
    </ClCompile>
    <ClCompile Include="ActionType.cpp">
      <Filter>Actions</Filter>
    </ClCompile>
    <ClCompile Include="ActionEffectType.cpp">
      <Filter>ActionEffects</Filter>
    </ClCompile>
  </ItemGroup>
  <ItemGroup>
    <ClInclude Include="InputReader.h">
      <Filter>Input-related</Filter>
    </ClInclude>
    <ClInclude Include="InputParser.h">
      <Filter>Input-related</Filter>
    </ClInclude>
    <ClInclude Include="Instruction.h">
      <Filter>Instructions</Filter>
    </ClInclude>
    <ClInclude Include="Direction.h">
      <Filter>Instructions</Filter>
    </ClInclude>
    <ClInclude Include="globals.h">
      <Filter>Main</Filter>
    </ClInclude>
    <ClInclude Include="Entity.h">
      <Filter>Entities</Filter>
    </ClInclude>
    <ClInclude Include="EntityType.h">
      <Filter>Entities</Filter>
    </ClInclude>
    <ClInclude Include="Player.h">
      <Filter>Entities</Filter>
    </ClInclude>
    <ClInclude Include="Item.h">
      <Filter>Entities</Filter>
    </ClInclude>
    <ClInclude Include="Interactable.h">
      <Filter>Entities</Filter>
    </ClInclude>
    <ClInclude Include="Exit.h">
      <Filter>Entities</Filter>
    </ClInclude>
    <ClInclude Include="Room.h">
      <Filter>Entities</Filter>
    </ClInclude>
    <ClInclude Include="ActionEffect.h">
      <Filter>ActionEffects</Filter>
    </ClInclude>
    <ClInclude Include="EffectReplaceEntity.h">
      <Filter>ActionEffects</Filter>
    </ClInclude>
    <ClInclude Include="EffectAddEntitiesToRoom.h">
      <Filter>ActionEffects</Filter>
    </ClInclude>
    <ClInclude Include="InstructionType.h">
      <Filter>Instructions</Filter>
    </ClInclude>
    <ClInclude Include="Action.h">
      <Filter>Actions</Filter>
    </ClInclude>
    <ClInclude Include="ActionType.h">
      <Filter>Actions</Filter>
    </ClInclude>
    <ClInclude Include="EffectUnlockExit.h">
      <Filter>ActionEffects</Filter>
    </ClInclude>
    <ClInclude Include="EffectPlaceItemInItem.h">
      <Filter>ActionEffects</Filter>
    </ClInclude>
    <ClInclude Include="EntityInfo.h">
      <Filter>Entities</Filter>
    </ClInclude>
    <ClInclude Include="ActionFactory.h">
      <Filter>Actions</Filter>
    </ClInclude>
    <ClInclude Include="EffectGameEnd.h">
      <Filter>ActionEffects</Filter>
    </ClInclude>
    <ClInclude Include="EntityFactory.h">
      <Filter>Entities</Filter>
    </ClInclude>
    <ClInclude Include="EffectRemoveEntities.h">
      <Filter>ActionEffects</Filter>
    </ClInclude>
    <ClInclude Include="EffectLockExit.h">
      <Filter>ActionEffects</Filter>
    </ClInclude>
    <ClInclude Include="GameManager.h">
      <Filter>Main</Filter>
    </ClInclude>
    <ClInclude Include="GameDataLoader.h">
      <Filter>Main</Filter>
    </ClInclude>
    <ClInclude Include="json_fwd.hpp" />
    <ClInclude Include="json.hpp" />
    <ClInclude Include="ActionEffectType.h">
      <Filter>ActionEffects</Filter>
    </ClInclude>
  </ItemGroup>
</Project>